Microsoft Visual Studio Solution File, Format Version 12.00
# Visual Studio Version 17
VisualStudioVersion = 17.13.35913.81
MinimumVisualStudioVersion = 10.0.40219.1
Project("{FAE04EC0-301F-11D3-BF4B-00C04F79EFBC}") = "ConsoleAppNET9", "ConsoleAppNET9\ConsoleAppNET9.csproj", "{72B2858E-3401-403E-AEDA-12842B9AEB9C}"
EndProject
Global
	GlobalSection(SolutionConfigurationPlatforms) = preSolution
		Debug|Any CPU = Debug|Any CPU
		Release|Any CPU = Release|Any CPU
	EndGlobalSection
	GlobalSection(ProjectConfigurationPlatforms) = postSolution
		{72B2858E-3401-403E-AEDA-12842B9AEB9C}.Debug|Any CPU.ActiveCfg = Debug|Any CPU
		{72B2858E-3401-403E-AEDA-12842B9AEB9C}.Debug|Any CPU.Build.0 = Debug|Any CPU
		{72B2858E-3401-403E-AEDA-12842B9AEB9C}.Release|Any CPU.ActiveCfg = Release|Any CPU
		{72B2858E-3401-403E-AEDA-12842B9AEB9C}.Release|Any CPU.Build.0 = Release|Any CPU
	EndGlobalSection
	GlobalSection(SolutionProperties) = preSolution
		HideSolutionNode = FALSE
	EndGlobalSection
	GlobalSection(ExtensibilityGlobals) = postSolution
		SolutionGuid = {A1D85983-6158-4E69-9A1A-EEC6A2C59656}
	EndGlobalSection
EndGlobal
